
Microsoft Visual Studio Solution File, Format Version 12.00
# Visual Studio Version 17
VisualStudioVersion = 17.3.32929.385
MinimumVisualStudioVersion = 10.0.40219.1
Project("{FAE04EC0-301F-11D3-BF4B-00C04F79EFBC}") = "RocketJumper", "RocketJumper.csproj", "{BE6024E9-405E-4AF0-B67B-7535D30AD323}"
EndProject
Global
	GlobalSection(SolutionConfigurationPlatforms) = preSolution
		Debug|Any CPU = Debug|Any CPU
		Release|Any CPU = Release|Any CPU
	EndGlobalSection
	GlobalSection(ProjectConfigurationPlatforms) = postSolution
		{BE6024E9-405E-4AF0-B67B-7535D30AD323}.Debug|Any CPU.ActiveCfg = Debug|Any CPU
		{BE6024E9-405E-4AF0-B67B-7535D30AD323}.Debug|Any CPU.Build.0 = Debug|Any CPU
		{BE6024E9-405E-4AF0-B67B-7535D30AD323}.Release|Any CPU.ActiveCfg = Release|Any CPU
		{BE6024E9-405E-4AF0-B67B-7535D30AD323}.Release|Any CPU.Build.0 = Release|Any CPU
	EndGlobalSection
	GlobalSection(SolutionProperties) = preSolution
		HideSolutionNode = FALSE
	EndGlobalSection
	GlobalSection(ExtensibilityGlobals) = postSolution
		SolutionGuid = {DDC8105F-264D-4F4E-B7C5-7D106B3A0D6C}
	EndGlobalSection
EndGlobal
